
Microsoft Visual Studio Solution File, Format Version 12.00
# Visual Studio 15
VisualStudioVersion = 15.0.28307.421
MinimumVisualStudioVersion = 10.0.40219.1
Project("{FAE04EC0-301F-11D3-BF4B-00C04F79EFBC}") = "Song decoder", "Song decoder\Song decoder.csproj", "{81E38213-9CF0-48FE-9C12-7BAF3B45D52B}"
EndProject
Global
	GlobalSection(SolutionConfigurationPlatforms) = preSolution
		Debug|Any CPU = Debug|Any CPU
		Release|Any CPU = Release|Any CPU
	EndGlobalSection
	GlobalSection(ProjectConfigurationPlatforms) = postSolution
		{81E38213-9CF0-48FE-9C12-7BAF3B45D52B}.Debug|Any CPU.ActiveCfg = Debug|Any CPU
		{81E38213-9CF0-48FE-9C12-7BAF3B45D52B}.Debug|Any CPU.Build.0 = Debug|Any CPU
		{81E38213-9CF0-48FE-9C12-7BAF3B45D52B}.Release|Any CPU.ActiveCfg = Release|Any CPU
		{81E38213-9CF0-48FE-9C12-7BAF3B45D52B}.Release|Any CPU.Build.0 = Release|Any CPU
	EndGlobalSection
	GlobalSection(SolutionProperties) = preSolution
		HideSolutionNode = FALSE
	EndGlobalSection
	GlobalSection(ExtensibilityGlobals) = postSolution
		SolutionGuid = {B4469631-7D44-444C-B96C-B0112463EEAD}
	EndGlobalSection
EndGlobal
