
Microsoft Visual Studio Solution File, Format Version 12.00
# Visual Studio 15
VisualStudioVersion = 15.0.28307.421
MinimumVisualStudioVersion = 10.0.40219.1
Project("{FAE04EC0-301F-11D3-BF4B-00C04F79EFBC}") = "Square every digit of a number", "Square every digit of a number\Square every digit of a number.csproj", "{CC999486-11DF-463C-903B-D1404D9B2332}"
EndProject
Global
	GlobalSection(SolutionConfigurationPlatforms) = preSolution
		Debug|Any CPU = Debug|Any CPU
		Release|Any CPU = Release|Any CPU
	EndGlobalSection
	GlobalSection(ProjectConfigurationPlatforms) = postSolution
		{CC999486-11DF-463C-903B-D1404D9B2332}.Debug|Any CPU.ActiveCfg = Debug|Any CPU
		{CC999486-11DF-463C-903B-D1404D9B2332}.Debug|Any CPU.Build.0 = Debug|Any CPU
		{CC999486-11DF-463C-903B-D1404D9B2332}.Release|Any CPU.ActiveCfg = Release|Any CPU
		{CC999486-11DF-463C-903B-D1404D9B2332}.Release|Any CPU.Build.0 = Release|Any CPU
	EndGlobalSection
	GlobalSection(SolutionProperties) = preSolution
		HideSolutionNode = FALSE
	EndGlobalSection
	GlobalSection(ExtensibilityGlobals) = postSolution
		SolutionGuid = {5008F63F-6B81-4DA5-9729-F3F58EDE5755}
	EndGlobalSection
EndGlobal
