
Microsoft Visual Studio Solution File, Format Version 12.00
# Visual Studio 15
VisualStudioVersion = 15.0.28307.421
MinimumVisualStudioVersion = 10.0.40219.1
Project("{FAE04EC0-301F-11D3-BF4B-00C04F79EFBC}") = "Tribonacci Sequence", "Tribonacci Sequence\Tribonacci Sequence.csproj", "{F2D24575-E4C2-4714-ABF3-91A3B85A8E26}"
EndProject
Global
	GlobalSection(SolutionConfigurationPlatforms) = preSolution
		Debug|Any CPU = Debug|Any CPU
		Release|Any CPU = Release|Any CPU
	EndGlobalSection
	GlobalSection(ProjectConfigurationPlatforms) = postSolution
		{F2D24575-E4C2-4714-ABF3-91A3B85A8E26}.Debug|Any CPU.ActiveCfg = Debug|Any CPU
		{F2D24575-E4C2-4714-ABF3-91A3B85A8E26}.Debug|Any CPU.Build.0 = Debug|Any CPU
		{F2D24575-E4C2-4714-ABF3-91A3B85A8E26}.Release|Any CPU.ActiveCfg = Release|Any CPU
		{F2D24575-E4C2-4714-ABF3-91A3B85A8E26}.Release|Any CPU.Build.0 = Release|Any CPU
	EndGlobalSection
	GlobalSection(SolutionProperties) = preSolution
		HideSolutionNode = FALSE
	EndGlobalSection
	GlobalSection(ExtensibilityGlobals) = postSolution
		SolutionGuid = {249EFD82-7CA8-4C0F-B56F-AD1A1678C4AA}
	EndGlobalSection
EndGlobal
