
Microsoft Visual Studio Solution File, Format Version 12.00
# Visual Studio 15
VisualStudioVersion = 15.0.28307.421
MinimumVisualStudioVersion = 10.0.40219.1
Project("{FAE04EC0-301F-11D3-BF4B-00C04F79EFBC}") = "ConsoleApp2", "ConsoleApp2\ConsoleApp2.csproj", "{04544AA7-F72E-4917-8D1B-2D24256FBF01}"
EndProject
Global
	GlobalSection(SolutionConfigurationPlatforms) = preSolution
		Debug|Any CPU = Debug|Any CPU
		Release|Any CPU = Release|Any CPU
	EndGlobalSection
	GlobalSection(ProjectConfigurationPlatforms) = postSolution
		{04544AA7-F72E-4917-8D1B-2D24256FBF01}.Debug|Any CPU.ActiveCfg = Debug|Any CPU
		{04544AA7-F72E-4917-8D1B-2D24256FBF01}.Debug|Any CPU.Build.0 = Debug|Any CPU
		{04544AA7-F72E-4917-8D1B-2D24256FBF01}.Release|Any CPU.ActiveCfg = Release|Any CPU
		{04544AA7-F72E-4917-8D1B-2D24256FBF01}.Release|Any CPU.Build.0 = Release|Any CPU
	EndGlobalSection
	GlobalSection(SolutionProperties) = preSolution
		HideSolutionNode = FALSE
	EndGlobalSection
	GlobalSection(ExtensibilityGlobals) = postSolution
		SolutionGuid = {2632069D-5A97-4834-A7E1-D00DE2DDADD7}
	EndGlobalSection
EndGlobal
