
Microsoft Visual Studio Solution File, Format Version 12.00
# Visual Studio 15
VisualStudioVersion = 15.0.28307.421
MinimumVisualStudioVersion = 10.0.40219.1
Project("{FAE04EC0-301F-11D3-BF4B-00C04F79EFBC}") = "ConsoleApp3", "ConsoleApp3\ConsoleApp3.csproj", "{0E2BAAF5-C8AE-4B06-8628-D462036D4A30}"
EndProject
Global
	GlobalSection(SolutionConfigurationPlatforms) = preSolution
		Debug|Any CPU = Debug|Any CPU
		Release|Any CPU = Release|Any CPU
	EndGlobalSection
	GlobalSection(ProjectConfigurationPlatforms) = postSolution
		{0E2BAAF5-C8AE-4B06-8628-D462036D4A30}.Debug|Any CPU.ActiveCfg = Debug|Any CPU
		{0E2BAAF5-C8AE-4B06-8628-D462036D4A30}.Debug|Any CPU.Build.0 = Debug|Any CPU
		{0E2BAAF5-C8AE-4B06-8628-D462036D4A30}.Release|Any CPU.ActiveCfg = Release|Any CPU
		{0E2BAAF5-C8AE-4B06-8628-D462036D4A30}.Release|Any CPU.Build.0 = Release|Any CPU
	EndGlobalSection
	GlobalSection(SolutionProperties) = preSolution
		HideSolutionNode = FALSE
	EndGlobalSection
	GlobalSection(ExtensibilityGlobals) = postSolution
		SolutionGuid = {816EF7CE-08BD-45AE-833D-0126B9610B56}
	EndGlobalSection
EndGlobal
