
Microsoft Visual Studio Solution File, Format Version 12.00
# Visual Studio Version 16
VisualStudioVersion = 16.0.29411.108
MinimumVisualStudioVersion = 10.0.40219.1
Project("{FAE04EC0-301F-11D3-BF4B-00C04F79EFBC}") = "Rot13", "Rot13\Rot13.csproj", "{B35E996A-05BA-4DFD-BA16-FB52A2893ECE}"
EndProject
Global
	GlobalSection(SolutionConfigurationPlatforms) = preSolution
		Debug|Any CPU = Debug|Any CPU
		Release|Any CPU = Release|Any CPU
	EndGlobalSection
	GlobalSection(ProjectConfigurationPlatforms) = postSolution
		{B35E996A-05BA-4DFD-BA16-FB52A2893ECE}.Debug|Any CPU.ActiveCfg = Debug|Any CPU
		{B35E996A-05BA-4DFD-BA16-FB52A2893ECE}.Debug|Any CPU.Build.0 = Debug|Any CPU
		{B35E996A-05BA-4DFD-BA16-FB52A2893ECE}.Release|Any CPU.ActiveCfg = Release|Any CPU
		{B35E996A-05BA-4DFD-BA16-FB52A2893ECE}.Release|Any CPU.Build.0 = Release|Any CPU
	EndGlobalSection
	GlobalSection(SolutionProperties) = preSolution
		HideSolutionNode = FALSE
	EndGlobalSection
	GlobalSection(ExtensibilityGlobals) = postSolution
		SolutionGuid = {83522565-AAD3-4687-8E0E-F1B7D1039498}
	EndGlobalSection
EndGlobal
