
Microsoft Visual Studio Solution File, Format Version 12.00
# Visual Studio Version 16
VisualStudioVersion = 16.0.29411.108
MinimumVisualStudioVersion = 10.0.40219.1
Project("{FAE04EC0-301F-11D3-BF4B-00C04F79EFBC}") = "Number of trailing zeros of N!", "Number of trailing zeros of N!\Number of trailing zeros of N!.csproj", "{5D2E5442-460C-4C12-8FF4-B1940869DE02}"
EndProject
Global
	GlobalSection(SolutionConfigurationPlatforms) = preSolution
		Debug|Any CPU = Debug|Any CPU
		Release|Any CPU = Release|Any CPU
	EndGlobalSection
	GlobalSection(ProjectConfigurationPlatforms) = postSolution
		{5D2E5442-460C-4C12-8FF4-B1940869DE02}.Debug|Any CPU.ActiveCfg = Debug|Any CPU
		{5D2E5442-460C-4C12-8FF4-B1940869DE02}.Debug|Any CPU.Build.0 = Debug|Any CPU
		{5D2E5442-460C-4C12-8FF4-B1940869DE02}.Release|Any CPU.ActiveCfg = Release|Any CPU
		{5D2E5442-460C-4C12-8FF4-B1940869DE02}.Release|Any CPU.Build.0 = Release|Any CPU
	EndGlobalSection
	GlobalSection(SolutionProperties) = preSolution
		HideSolutionNode = FALSE
	EndGlobalSection
	GlobalSection(ExtensibilityGlobals) = postSolution
		SolutionGuid = {98A49978-508F-4B01-90E8-487B72994930}
	EndGlobalSection
EndGlobal
